
Microsoft Visual Studio Solution File, Format Version 12.00
# Visual Studio 14
VisualStudioVersion = 14.0.25420.1
MinimumVisualStudioVersion = 10.0.40219.1
Project("{2150E333-8FDC-42A3-9474-1A3956D46DE8}") = "src", "src", "{EFD11F14-E82A-4EC8-9898-B34083DE79D1}"
EndProject
Project("{2150E333-8FDC-42A3-9474-1A3956D46DE8}") = "assets", "assets", "{B7D3459D-8D7E-4C90-B84C-014ED4F7A985}"
	ProjectSection(SolutionItems) = preProject
		global.json = global.json
		assets\Package.ps1 = assets\Package.ps1
		README.md = README.md
		assets\Restore.ps1 = assets\Restore.ps1
		assets\stacks.ruleset = assets\stacks.ruleset
		assets\stylecop.json = assets\stylecop.json
	EndProjectSection
EndProject
Project("{2150E333-8FDC-42A3-9474-1A3956D46DE8}") = "test", "test", "{EF9A631E-5ACB-43D4-B12D-DECA9F21E64A}"
EndProject
Project("{8BB2217D-0F2D-49D1-97BC-3654ED321F3B}") = "ConsoleClient", "test\ConsoleClient\ConsoleClient.xproj", "{82C9EA67-D618-4A55-9844-6862D153D6B2}"
EndProject
Project("{8BB2217D-0F2D-49D1-97BC-3654ED321F3B}") = "WebClient", "test\WebClient\WebClient.xproj", "{F1877379-6572-4758-8184-F2CDCF5200D9}"
EndProject
Project("{8BB2217D-0F2D-49D1-97BC-3654ED321F3B}") = "Slalom.Stacks.AspNetCore", "src\Slalom.Stacks.AspNetCore\Slalom.Stacks.AspNetCore.xproj", "{C322214B-2E36-415C-8589-DDF22F0D2EF7}"
EndProject
Project("{8BB2217D-0F2D-49D1-97BC-3654ED321F3B}") = "ConsoleClient2", "test\ConsoleClient2\ConsoleClient2.xproj", "{01127374-8B7E-4E3C-B6E2-70AF608F161C}"
EndProject
Project("{8BB2217D-0F2D-49D1-97BC-3654ED321F3B}") = "Slalom.Stacks.OData", "src\Slalom.Stacks.OData\Slalom.Stacks.OData.xproj", "{7EA037FB-25AC-4CE3-A833-F7F52A927305}"
EndProject
Global
	GlobalSection(SolutionConfigurationPlatforms) = preSolution
		Debug|Any CPU = Debug|Any CPU
		Release|Any CPU = Release|Any CPU
	EndGlobalSection
	GlobalSection(ProjectConfigurationPlatforms) = postSolution
		{82C9EA67-D618-4A55-9844-6862D153D6B2}.Debug|Any CPU.ActiveCfg = Debug|Any CPU
		{82C9EA67-D618-4A55-9844-6862D153D6B2}.Debug|Any CPU.Build.0 = Debug|Any CPU
		{82C9EA67-D618-4A55-9844-6862D153D6B2}.Release|Any CPU.ActiveCfg = Release|Any CPU
		{82C9EA67-D618-4A55-9844-6862D153D6B2}.Release|Any CPU.Build.0 = Release|Any CPU
		{F1877379-6572-4758-8184-F2CDCF5200D9}.Debug|Any CPU.ActiveCfg = Debug|Any CPU
		{F1877379-6572-4758-8184-F2CDCF5200D9}.Debug|Any CPU.Build.0 = Debug|Any CPU
		{F1877379-6572-4758-8184-F2CDCF5200D9}.Release|Any CPU.ActiveCfg = Release|Any CPU
		{F1877379-6572-4758-8184-F2CDCF5200D9}.Release|Any CPU.Build.0 = Release|Any CPU
		{C322214B-2E36-415C-8589-DDF22F0D2EF7}.Debug|Any CPU.ActiveCfg = Debug|Any CPU
		{C322214B-2E36-415C-8589-DDF22F0D2EF7}.Debug|Any CPU.Build.0 = Debug|Any CPU
		{C322214B-2E36-415C-8589-DDF22F0D2EF7}.Release|Any CPU.ActiveCfg = Release|Any CPU
		{C322214B-2E36-415C-8589-DDF22F0D2EF7}.Release|Any CPU.Build.0 = Release|Any CPU
		{01127374-8B7E-4E3C-B6E2-70AF608F161C}.Debug|Any CPU.ActiveCfg = Debug|Any CPU
		{01127374-8B7E-4E3C-B6E2-70AF608F161C}.Debug|Any CPU.Build.0 = Debug|Any CPU
		{01127374-8B7E-4E3C-B6E2-70AF608F161C}.Release|Any CPU.ActiveCfg = Release|Any CPU
		{01127374-8B7E-4E3C-B6E2-70AF608F161C}.Release|Any CPU.Build.0 = Release|Any CPU
		{7EA037FB-25AC-4CE3-A833-F7F52A927305}.Debug|Any CPU.ActiveCfg = Debug|Any CPU
		{7EA037FB-25AC-4CE3-A833-F7F52A927305}.Debug|Any CPU.Build.0 = Debug|Any CPU
		{7EA037FB-25AC-4CE3-A833-F7F52A927305}.Release|Any CPU.ActiveCfg = Release|Any CPU
		{7EA037FB-25AC-4CE3-A833-F7F52A927305}.Release|Any CPU.Build.0 = Release|Any CPU
	EndGlobalSection
	GlobalSection(SolutionProperties) = preSolution
		HideSolutionNode = FALSE
	EndGlobalSection
	GlobalSection(NestedProjects) = preSolution
		{82C9EA67-D618-4A55-9844-6862D153D6B2} = {EF9A631E-5ACB-43D4-B12D-DECA9F21E64A}
		{F1877379-6572-4758-8184-F2CDCF5200D9} = {EF9A631E-5ACB-43D4-B12D-DECA9F21E64A}
		{C322214B-2E36-415C-8589-DDF22F0D2EF7} = {EFD11F14-E82A-4EC8-9898-B34083DE79D1}
		{01127374-8B7E-4E3C-B6E2-70AF608F161C} = {EF9A631E-5ACB-43D4-B12D-DECA9F21E64A}
		{7EA037FB-25AC-4CE3-A833-F7F52A927305} = {EFD11F14-E82A-4EC8-9898-B34083DE79D1}
	EndGlobalSection
EndGlobal
